
Microsoft Visual Studio Solution File, Format Version 12.00
# Visual Studio Version 16
VisualStudioVersion = 16.0.30711.63
MinimumVisualStudioVersion = 10.0.40219.1
Project("{9A19103F-16F7-4668-BE54-9A1E7A4F7556}") = "arkitSharp", "arkitSharp\arkitSharp.csproj", "{34A22B0D-6927-4393-8568-8EA2D462646F}"
EndProject
Project("{2150E333-8FDC-42A3-9474-1A3956D46DE8}") = "Solution Items", "Solution Items", "{76E94823-D00F-427A-A894-BEB7FD10EB4C}"
	ProjectSection(SolutionItems) = preProject
		.gitignore = .gitignore
	EndProjectSection
EndProject
Global
	GlobalSection(SolutionConfigurationPlatforms) = preSolution
		Debug|Any CPU = Debug|Any CPU
		Release|Any CPU = Release|Any CPU
	EndGlobalSection
	GlobalSection(ProjectConfigurationPlatforms) = postSolution
		{34A22B0D-6927-4393-8568-8EA2D462646F}.Debug|Any CPU.ActiveCfg = Debug|Any CPU
		{34A22B0D-6927-4393-8568-8EA2D462646F}.Debug|Any CPU.Build.0 = Debug|Any CPU
		{34A22B0D-6927-4393-8568-8EA2D462646F}.Release|Any CPU.ActiveCfg = Release|Any CPU
		{34A22B0D-6927-4393-8568-8EA2D462646F}.Release|Any CPU.Build.0 = Release|Any CPU
	EndGlobalSection
	GlobalSection(SolutionProperties) = preSolution
		HideSolutionNode = FALSE
	EndGlobalSection
	GlobalSection(ExtensibilityGlobals) = postSolution
		SolutionGuid = {5CBFC5E7-977F-49CA-B36B-A081A46AAE87}
	EndGlobalSection
EndGlobal
